{
  "name": "chaekchaek",
  "version": "1.0.0",
  "lockfileVersion": 3,
  "requires": true,
  "packages": {
    "": {
      "name": "chaekchaek",
      "version": "1.0.0",
      "license": "ISC",
      "workspaces": [
        "apps/*",
        "packages/*"
      ]
    },
    "apps/chaekchaek": {
      "version": "1.0.0",
      "license": "ISC"
    },
    "node_modules/chaekchaek": {
      "resolved": "apps/chaekchaek",
      "link": true
    }
  }
}
